
Microsoft Visual Studio Solution File, Format Version 12.00
# Visual Studio Version 17
VisualStudioVersion = 17.0.32014.148
MinimumVisualStudioVersion = 10.0.40219.1
Project("{8BC9CEB8-8B4A-11D0-8D11-00A0C91BC942}") = "Intercala", "Intercala\Intercala.vcxproj", "{9EDF6BBB-8293-48A0-9CFB-E84D2AA723AE}"
EndProject
Project("{8BC9CEB8-8B4A-11D0-8D11-00A0C91BC942}") = "FirstCont", "FirstCont\FirstCont.vcxproj", "{226B3013-6849-47B9-9B78-67D9C6C46536}"
EndProject
Project("{8BC9CEB8-8B4A-11D0-8D11-00A0C91BC942}") = "SecondCont", "SecondCont\SecondCont.vcxproj", "{E27FA01C-EE65-4668-8FA2-8339AD89B84A}"
EndProject
Project("{8BC9CEB8-8B4A-11D0-8D11-00A0C91BC942}") = "ListaCont", "ListaCont\ListaCont.vcxproj", "{81220931-954A-4CFA-9FC4-4551B5D650BE}"
EndProject
Project("{8BC9CEB8-8B4A-11D0-8D11-00A0C91BC942}") = "FirstEncad", "FirstEncad\FirstEncad.vcxproj", "{7C62C5D5-4994-4280-ACD5-DAD234F53F38}"
EndProject
Project("{8BC9CEB8-8B4A-11D0-8D11-00A0C91BC942}") = "SecondEncad", "SecondEncad\SecondEncad.vcxproj", "{294A3007-F716-4C3B-A356-7E0F705FDA9D}"
EndProject
Project("{8BC9CEB8-8B4A-11D0-8D11-00A0C91BC942}") = "MenorProximo", "MenorProximo\MenorProximo.vcxproj", "{527FD247-B81C-4F6C-A578-672FE6FB3807}"
EndProject
Project("{8BC9CEB8-8B4A-11D0-8D11-00A0C91BC942}") = "Teste", "Teste\Teste.vcxproj", "{129295FA-2D8B-4B58-A03C-AA4CB642641A}"
EndProject
Project("{8BC9CEB8-8B4A-11D0-8D11-00A0C91BC942}") = "ListaEncadDescritor", "ListaEncadDescritor\ListaEncadDescritor.vcxproj", "{2F54D617-FFE2-433B-984C-29A2225EE0E3}"
EndProject
Project("{8BC9CEB8-8B4A-11D0-8D11-00A0C91BC942}") = "Copiar", "Copiar\Copiar.vcxproj", "{6B7D72C6-B58D-430B-870E-86B62C943450}"
EndProject
Project("{8BC9CEB8-8B4A-11D0-8D11-00A0C91BC942}") = "imprimeElemsEmOrdem", "imprimeElemsEmOrdem\imprimeElemsEmOrdem.vcxproj", "{2DB7D36A-2098-465D-B171-1D0688E58440}"
EndProject
Project("{8BC9CEB8-8B4A-11D0-8D11-00A0C91BC942}") = "inserirVet", "inserirVet\inserirVet.vcxproj", "{44D6A526-F4AC-40A3-90A9-21B70EB75CDB}"
EndProject
Project("{8BC9CEB8-8B4A-11D0-8D11-00A0C91BC942}") = "inserePosicaoVal", "inserePosicaoVal\inserePosicaoVal.vcxproj", "{64B39E47-AF0F-4D24-896F-FB3333C82082}"
EndProject
Project("{8BC9CEB8-8B4A-11D0-8D11-00A0C91BC942}") = "removeValor", "removeValor\removeValor.vcxproj", "{6E56DFD0-DDB8-4C2F-B9F6-3054BEEC9CE0}"
EndProject
Project("{8BC9CEB8-8B4A-11D0-8D11-00A0C91BC942}") = "ContaMaiores", "ContaMaiores\ContaMaiores.vcxproj", "{5E6B2E17-5143-4A9F-ADE9-F3BBC39B7A6B}"
EndProject
Project("{8BC9CEB8-8B4A-11D0-8D11-00A0C91BC942}") = "Q2 - Prova - ListaEncad", "Q2 - Prova - ListaEncad\Q2 - Prova - ListaEncad.vcxproj", "{83684F9D-A60B-43CD-B8A9-F0DA2CF9686F}"
EndProject
Global
	GlobalSection(SolutionConfigurationPlatforms) = preSolution
		Debug|x64 = Debug|x64
		Debug|x86 = Debug|x86
		Release|x64 = Release|x64
		Release|x86 = Release|x86
	EndGlobalSection
	GlobalSection(ProjectConfigurationPlatforms) = postSolution
		{9EDF6BBB-8293-48A0-9CFB-E84D2AA723AE}.Debug|x64.ActiveCfg = Debug|x64
		{9EDF6BBB-8293-48A0-9CFB-E84D2AA723AE}.Debug|x64.Build.0 = Debug|x64
		{9EDF6BBB-8293-48A0-9CFB-E84D2AA723AE}.Debug|x86.ActiveCfg = Debug|Win32
		{9EDF6BBB-8293-48A0-9CFB-E84D2AA723AE}.Debug|x86.Build.0 = Debug|Win32
		{9EDF6BBB-8293-48A0-9CFB-E84D2AA723AE}.Release|x64.ActiveCfg = Release|x64
		{9EDF6BBB-8293-48A0-9CFB-E84D2AA723AE}.Release|x64.Build.0 = Release|x64
		{9EDF6BBB-8293-48A0-9CFB-E84D2AA723AE}.Release|x86.ActiveCfg = Release|Win32
		{9EDF6BBB-8293-48A0-9CFB-E84D2AA723AE}.Release|x86.Build.0 = Release|Win32
		{226B3013-6849-47B9-9B78-67D9C6C46536}.Debug|x64.ActiveCfg = Debug|x64
		{226B3013-6849-47B9-9B78-67D9C6C46536}.Debug|x64.Build.0 = Debug|x64
		{226B3013-6849-47B9-9B78-67D9C6C46536}.Debug|x86.ActiveCfg = Debug|Win32
		{226B3013-6849-47B9-9B78-67D9C6C46536}.Debug|x86.Build.0 = Debug|Win32
		{226B3013-6849-47B9-9B78-67D9C6C46536}.Release|x64.ActiveCfg = Release|x64
		{226B3013-6849-47B9-9B78-67D9C6C46536}.Release|x64.Build.0 = Release|x64
		{226B3013-6849-47B9-9B78-67D9C6C46536}.Release|x86.ActiveCfg = Release|Win32
		{226B3013-6849-47B9-9B78-67D9C6C46536}.Release|x86.Build.0 = Release|Win32
		{E27FA01C-EE65-4668-8FA2-8339AD89B84A}.Debug|x64.ActiveCfg = Debug|x64
		{E27FA01C-EE65-4668-8FA2-8339AD89B84A}.Debug|x64.Build.0 = Debug|x64
		{E27FA01C-EE65-4668-8FA2-8339AD89B84A}.Debug|x86.ActiveCfg = Debug|Win32
		{E27FA01C-EE65-4668-8FA2-8339AD89B84A}.Debug|x86.Build.0 = Debug|Win32
		{E27FA01C-EE65-4668-8FA2-8339AD89B84A}.Release|x64.ActiveCfg = Release|x64
		{E27FA01C-EE65-4668-8FA2-8339AD89B84A}.Release|x64.Build.0 = Release|x64
		{E27FA01C-EE65-4668-8FA2-8339AD89B84A}.Release|x86.ActiveCfg = Release|Win32
		{E27FA01C-EE65-4668-8FA2-8339AD89B84A}.Release|x86.Build.0 = Release|Win32
		{81220931-954A-4CFA-9FC4-4551B5D650BE}.Debug|x64.ActiveCfg = Debug|x64
		{81220931-954A-4CFA-9FC4-4551B5D650BE}.Debug|x64.Build.0 = Debug|x64
		{81220931-954A-4CFA-9FC4-4551B5D650BE}.Debug|x86.ActiveCfg = Debug|Win32
		{81220931-954A-4CFA-9FC4-4551B5D650BE}.Debug|x86.Build.0 = Debug|Win32
		{81220931-954A-4CFA-9FC4-4551B5D650BE}.Release|x64.ActiveCfg = Release|x64
		{81220931-954A-4CFA-9FC4-4551B5D650BE}.Release|x64.Build.0 = Release|x64
		{81220931-954A-4CFA-9FC4-4551B5D650BE}.Release|x86.ActiveCfg = Release|Win32
		{81220931-954A-4CFA-9FC4-4551B5D650BE}.Release|x86.Build.0 = Release|Win32
		{7C62C5D5-4994-4280-ACD5-DAD234F53F38}.Debug|x64.ActiveCfg = Debug|x64
		{7C62C5D5-4994-4280-ACD5-DAD234F53F38}.Debug|x64.Build.0 = Debug|x64
		{7C62C5D5-4994-4280-ACD5-DAD234F53F38}.Debug|x86.ActiveCfg = Debug|Win32
		{7C62C5D5-4994-4280-ACD5-DAD234F53F38}.Debug|x86.Build.0 = Debug|Win32
		{7C62C5D5-4994-4280-ACD5-DAD234F53F38}.Release|x64.ActiveCfg = Release|x64
		{7C62C5D5-4994-4280-ACD5-DAD234F53F38}.Release|x64.Build.0 = Release|x64
		{7C62C5D5-4994-4280-ACD5-DAD234F53F38}.Release|x86.ActiveCfg = Release|Win32
		{7C62C5D5-4994-4280-ACD5-DAD234F53F38}.Release|x86.Build.0 = Release|Win32
		{294A3007-F716-4C3B-A356-7E0F705FDA9D}.Debug|x64.ActiveCfg = Debug|x64
		{294A3007-F716-4C3B-A356-7E0F705FDA9D}.Debug|x64.Build.0 = Debug|x64
		{294A3007-F716-4C3B-A356-7E0F705FDA9D}.Debug|x86.ActiveCfg = Debug|Win32
		{294A3007-F716-4C3B-A356-7E0F705FDA9D}.Debug|x86.Build.0 = Debug|Win32
		{294A3007-F716-4C3B-A356-7E0F705FDA9D}.Release|x64.ActiveCfg = Release|x64
		{294A3007-F716-4C3B-A356-7E0F705FDA9D}.Release|x64.Build.0 = Release|x64
		{294A3007-F716-4C3B-A356-7E0F705FDA9D}.Release|x86.ActiveCfg = Release|Win32
		{294A3007-F716-4C3B-A356-7E0F705FDA9D}.Release|x86.Build.0 = Release|Win32
		{527FD247-B81C-4F6C-A578-672FE6FB3807}.Debug|x64.ActiveCfg = Debug|x64
		{527FD247-B81C-4F6C-A578-672FE6FB3807}.Debug|x64.Build.0 = Debug|x64
		{527FD247-B81C-4F6C-A578-672FE6FB3807}.Debug|x86.ActiveCfg = Debug|Win32
		{527FD247-B81C-4F6C-A578-672FE6FB3807}.Debug|x86.Build.0 = Debug|Win32
		{527FD247-B81C-4F6C-A578-672FE6FB3807}.Release|x64.ActiveCfg = Release|x64
		{527FD247-B81C-4F6C-A578-672FE6FB3807}.Release|x64.Build.0 = Release|x64
		{527FD247-B81C-4F6C-A578-672FE6FB3807}.Release|x86.ActiveCfg = Release|Win32
		{527FD247-B81C-4F6C-A578-672FE6FB3807}.Release|x86.Build.0 = Release|Win32
		{129295FA-2D8B-4B58-A03C-AA4CB642641A}.Debug|x64.ActiveCfg = Debug|x64
		{129295FA-2D8B-4B58-A03C-AA4CB642641A}.Debug|x64.Build.0 = Debug|x64
		{129295FA-2D8B-4B58-A03C-AA4CB642641A}.Debug|x86.ActiveCfg = Debug|Win32
		{129295FA-2D8B-4B58-A03C-AA4CB642641A}.Debug|x86.Build.0 = Debug|Win32
		{129295FA-2D8B-4B58-A03C-AA4CB642641A}.Release|x64.ActiveCfg = Release|x64
		{129295FA-2D8B-4B58-A03C-AA4CB642641A}.Release|x64.Build.0 = Release|x64
		{129295FA-2D8B-4B58-A03C-AA4CB642641A}.Release|x86.ActiveCfg = Release|Win32
		{129295FA-2D8B-4B58-A03C-AA4CB642641A}.Release|x86.Build.0 = Release|Win32
		{2F54D617-FFE2-433B-984C-29A2225EE0E3}.Debug|x64.ActiveCfg = Debug|x64
		{2F54D617-FFE2-433B-984C-29A2225EE0E3}.Debug|x64.Build.0 = Debug|x64
		{2F54D617-FFE2-433B-984C-29A2225EE0E3}.Debug|x86.ActiveCfg = Debug|Win32
		{2F54D617-FFE2-433B-984C-29A2225EE0E3}.Debug|x86.Build.0 = Debug|Win32
		{2F54D617-FFE2-433B-984C-29A2225EE0E3}.Release|x64.ActiveCfg = Release|x64
		{2F54D617-FFE2-433B-984C-29A2225EE0E3}.Release|x64.Build.0 = Release|x64
		{2F54D617-FFE2-433B-984C-29A2225EE0E3}.Release|x86.ActiveCfg = Release|Win32
		{2F54D617-FFE2-433B-984C-29A2225EE0E3}.Release|x86.Build.0 = Release|Win32
		{6B7D72C6-B58D-430B-870E-86B62C943450}.Debug|x64.ActiveCfg = Debug|x64
		{6B7D72C6-B58D-430B-870E-86B62C943450}.Debug|x64.Build.0 = Debug|x64
		{6B7D72C6-B58D-430B-870E-86B62C943450}.Debug|x86.ActiveCfg = Debug|Win32
		{6B7D72C6-B58D-430B-870E-86B62C943450}.Debug|x86.Build.0 = Debug|Win32
		{6B7D72C6-B58D-430B-870E-86B62C943450}.Release|x64.ActiveCfg = Release|x64
		{6B7D72C6-B58D-430B-870E-86B62C943450}.Release|x64.Build.0 = Release|x64
		{6B7D72C6-B58D-430B-870E-86B62C943450}.Release|x86.ActiveCfg = Release|Win32
		{6B7D72C6-B58D-430B-870E-86B62C943450}.Release|x86.Build.0 = Release|Win32
		{2DB7D36A-2098-465D-B171-1D0688E58440}.Debug|x64.ActiveCfg = Debug|x64
		{2DB7D36A-2098-465D-B171-1D0688E58440}.Debug|x64.Build.0 = Debug|x64
		{2DB7D36A-2098-465D-B171-1D0688E58440}.Debug|x86.ActiveCfg = Debug|Win32
		{2DB7D36A-2098-465D-B171-1D0688E58440}.Debug|x86.Build.0 = Debug|Win32
		{2DB7D36A-2098-465D-B171-1D0688E58440}.Release|x64.ActiveCfg = Release|x64
		{2DB7D36A-2098-465D-B171-1D0688E58440}.Release|x64.Build.0 = Release|x64
		{2DB7D36A-2098-465D-B171-1D0688E58440}.Release|x86.ActiveCfg = Release|Win32
		{2DB7D36A-2098-465D-B171-1D0688E58440}.Release|x86.Build.0 = Release|Win32
		{44D6A526-F4AC-40A3-90A9-21B70EB75CDB}.Debug|x64.ActiveCfg = Debug|x64
		{44D6A526-F4AC-40A3-90A9-21B70EB75CDB}.Debug|x64.Build.0 = Debug|x64
		{44D6A526-F4AC-40A3-90A9-21B70EB75CDB}.Debug|x86.ActiveCfg = Debug|Win32
		{44D6A526-F4AC-40A3-90A9-21B70EB75CDB}.Debug|x86.Build.0 = Debug|Win32
		{44D6A526-F4AC-40A3-90A9-21B70EB75CDB}.Release|x64.ActiveCfg = Release|x64
		{44D6A526-F4AC-40A3-90A9-21B70EB75CDB}.Release|x64.Build.0 = Release|x64
		{44D6A526-F4AC-40A3-90A9-21B70EB75CDB}.Release|x86.ActiveCfg = Release|Win32
		{44D6A526-F4AC-40A3-90A9-21B70EB75CDB}.Release|x86.Build.0 = Release|Win32
		{64B39E47-AF0F-4D24-896F-FB3333C82082}.Debug|x64.ActiveCfg = Debug|x64
		{64B39E47-AF0F-4D24-896F-FB3333C82082}.Debug|x64.Build.0 = Debug|x64
		{64B39E47-AF0F-4D24-896F-FB3333C82082}.Debug|x86.ActiveCfg = Debug|Win32
		{64B39E47-AF0F-4D24-896F-FB3333C82082}.Debug|x86.Build.0 = Debug|Win32
		{64B39E47-AF0F-4D24-896F-FB3333C82082}.Release|x64.ActiveCfg = Release|x64
		{64B39E47-AF0F-4D24-896F-FB3333C82082}.Release|x64.Build.0 = Release|x64
		{64B39E47-AF0F-4D24-896F-FB3333C82082}.Release|x86.ActiveCfg = Release|Win32
		{64B39E47-AF0F-4D24-896F-FB3333C82082}.Release|x86.Build.0 = Release|Win32
		{6E56DFD0-DDB8-4C2F-B9F6-3054BEEC9CE0}.Debug|x64.ActiveCfg = Debug|x64
		{6E56DFD0-DDB8-4C2F-B9F6-3054BEEC9CE0}.Debug|x64.Build.0 = Debug|x64
		{6E56DFD0-DDB8-4C2F-B9F6-3054BEEC9CE0}.Debug|x86.ActiveCfg = Debug|Win32
		{6E56DFD0-DDB8-4C2F-B9F6-3054BEEC9CE0}.Debug|x86.Build.0 = Debug|Win32
		{6E56DFD0-DDB8-4C2F-B9F6-3054BEEC9CE0}.Release|x64.ActiveCfg = Release|x64
		{6E56DFD0-DDB8-4C2F-B9F6-3054BEEC9CE0}.Release|x64.Build.0 = Release|x64
		{6E56DFD0-DDB8-4C2F-B9F6-3054BEEC9CE0}.Release|x86.ActiveCfg = Release|Win32
		{6E56DFD0-DDB8-4C2F-B9F6-3054BEEC9CE0}.Release|x86.Build.0 = Release|Win32
		{5E6B2E17-5143-4A9F-ADE9-F3BBC39B7A6B}.Debug|x64.ActiveCfg = Debug|x64
		{5E6B2E17-5143-4A9F-ADE9-F3BBC39B7A6B}.Debug|x64.Build.0 = Debug|x64
		{5E6B2E17-5143-4A9F-ADE9-F3BBC39B7A6B}.Debug|x86.ActiveCfg = Debug|Win32
		{5E6B2E17-5143-4A9F-ADE9-F3BBC39B7A6B}.Debug|x86.Build.0 = Debug|Win32
		{5E6B2E17-5143-4A9F-ADE9-F3BBC39B7A6B}.Release|x64.ActiveCfg = Release|x64
		{5E6B2E17-5143-4A9F-ADE9-F3BBC39B7A6B}.Release|x64.Build.0 = Release|x64
		{5E6B2E17-5143-4A9F-ADE9-F3BBC39B7A6B}.Release|x86.ActiveCfg = Release|Win32
		{5E6B2E17-5143-4A9F-ADE9-F3BBC39B7A6B}.Release|x86.Build.0 = Release|Win32
		{83684F9D-A60B-43CD-B8A9-F0DA2CF9686F}.Debug|x64.ActiveCfg = Debug|x64
		{83684F9D-A60B-43CD-B8A9-F0DA2CF9686F}.Debug|x64.Build.0 = Debug|x64
		{83684F9D-A60B-43CD-B8A9-F0DA2CF9686F}.Debug|x86.ActiveCfg = Debug|Win32
		{83684F9D-A60B-43CD-B8A9-F0DA2CF9686F}.Debug|x86.Build.0 = Debug|Win32
		{83684F9D-A60B-43CD-B8A9-F0DA2CF9686F}.Release|x64.ActiveCfg = Release|x64
		{83684F9D-A60B-43CD-B8A9-F0DA2CF9686F}.Release|x64.Build.0 = Release|x64
		{83684F9D-A60B-43CD-B8A9-F0DA2CF9686F}.Release|x86.ActiveCfg = Release|Win32
		{83684F9D-A60B-43CD-B8A9-F0DA2CF9686F}.Release|x86.Build.0 = Release|Win32
	EndGlobalSection
	GlobalSection(SolutionProperties) = preSolution
		HideSolutionNode = FALSE
	EndGlobalSection
	GlobalSection(ExtensibilityGlobals) = postSolution
		SolutionGuid = {04048312-BDB9-4EFA-90BA-C8CC24C32D5C}
	EndGlobalSection
EndGlobal
