
Microsoft Visual Studio Solution File, Format Version 12.00
# Visual Studio Version 17
VisualStudioVersion = 17.0.32014.148
MinimumVisualStudioVersion = 10.0.40219.1
Project("{8BC9CEB8-8B4A-11D0-8D11-00A0C91BC942}") = "AlocaVetor", "..\AlocaVetor\AlocaVetor.vcxproj", "{843061AC-FCBA-4475-B80B-292D92FAECFB}"
EndProject
Project("{8BC9CEB8-8B4A-11D0-8D11-00A0C91BC942}") = "BuscaBinaria", "..\BuscaBinaria\BuscaBinaria.vcxproj", "{9397FFC4-8C36-4177-A664-85221336D143}"
EndProject
Project("{8BC9CEB8-8B4A-11D0-8D11-00A0C91BC942}") = "ConverteBinario", "..\ConverteBinario\ConverteBinario.vcxproj", "{F0538A08-F23D-42DF-BF08-49B24A04647D}"
EndProject
Project("{8BC9CEB8-8B4A-11D0-8D11-00A0C91BC942}") = "AlocaMatriz", "..\EstruturadeDados\EstruturadeDados.vcxproj", "{EE5C808A-CC60-46B1-B529-AECFE7E84D24}"
EndProject
Project("{8BC9CEB8-8B4A-11D0-8D11-00A0C91BC942}") = "MDC", "..\MDC\MDC.vcxproj", "{27811844-77A0-4573-9814-1035568A66C2}"
EndProject
Project("{8BC9CEB8-8B4A-11D0-8D11-00A0C91BC942}") = "MenorValor", "..\MenorValor\MenorValor.vcxproj", "{6C12A57A-822C-4847-9A8C-63F876D5BA3D}"
EndProject
Project("{8BC9CEB8-8B4A-11D0-8D11-00A0C91BC942}") = "Modulo", "..\Modulo\Modulo.vcxproj", "{A82F5878-1549-4B96-B0DD-E5EA3C60DBD5}"
EndProject
Project("{8BC9CEB8-8B4A-11D0-8D11-00A0C91BC942}") = "NºAlgarismos", "..\NºAlgarismos\NºAlgarismos.vcxproj", "{CAB526AD-5DB4-4EDE-8A83-2B62D115FE4B}"
EndProject
Project("{8BC9CEB8-8B4A-11D0-8D11-00A0C91BC942}") = "Palindromo", "..\Palindromo\Palindromo.vcxproj", "{DAC6BF47-6CDA-40FD-96DE-E5DE6CFD0798}"
EndProject
Project("{8BC9CEB8-8B4A-11D0-8D11-00A0C91BC942}") = "ParesImparesNegativos", "..\ParesImparesNegativos\ParesImparesNegativos.vcxproj", "{83299462-FA1F-46BD-917D-A0BA51D99F5F}"
EndProject
Project("{8BC9CEB8-8B4A-11D0-8D11-00A0C91BC942}") = "Q1Prova-Ponteiros", "..\Q1Prova-Ponteiros\Q1Prova-Ponteiros.vcxproj", "{CD21D677-BA77-40B6-9C44-F44E685DDFEB}"
EndProject
Project("{8BC9CEB8-8B4A-11D0-8D11-00A0C91BC942}") = "Q2Prova-Recursividade", "..\Q2Prova-Recursividade\Q2Prova-Recursividade.vcxproj", "{10953D2E-23D1-45B9-82AD-B6276C421027}"
EndProject
Project("{8BC9CEB8-8B4A-11D0-8D11-00A0C91BC942}") = "QtdPares", "..\QtdPares\QtdPares.vcxproj", "{3C3CB51E-C726-4A9A-8839-AF9EC67C6DEE}"
EndProject
Project("{8BC9CEB8-8B4A-11D0-8D11-00A0C91BC942}") = "somaAateB", "..\somaAateB\somaAateB.vcxproj", "{8D9CBD4D-E20C-49C4-A602-3E7D659DF4A8}"
EndProject
Project("{8BC9CEB8-8B4A-11D0-8D11-00A0C91BC942}") = "SomaAateN", "..\SomaAateN\SomaAateN.vcxproj", "{4BF2C659-01CF-4403-B1F5-872D081D09B1}"
EndProject
Project("{8BC9CEB8-8B4A-11D0-8D11-00A0C91BC942}") = "somaVetores", "..\somaVetores\somaVetores.vcxproj", "{7195FB3F-3E07-4C93-97D5-23A69E307EF6}"
EndProject
Project("{8BC9CEB8-8B4A-11D0-8D11-00A0C91BC942}") = "Transposta", "..\Transposta\Transposta.vcxproj", "{4F7EFBF5-4545-46EB-99BB-83F13E83CE7E}"
EndProject
Global
	GlobalSection(SolutionConfigurationPlatforms) = preSolution
		Debug|x64 = Debug|x64
		Debug|x86 = Debug|x86
		Release|x64 = Release|x64
		Release|x86 = Release|x86
	EndGlobalSection
	GlobalSection(ProjectConfigurationPlatforms) = postSolution
		{843061AC-FCBA-4475-B80B-292D92FAECFB}.Debug|x64.ActiveCfg = Debug|x64
		{843061AC-FCBA-4475-B80B-292D92FAECFB}.Debug|x64.Build.0 = Debug|x64
		{843061AC-FCBA-4475-B80B-292D92FAECFB}.Debug|x86.ActiveCfg = Debug|Win32
		{843061AC-FCBA-4475-B80B-292D92FAECFB}.Debug|x86.Build.0 = Debug|Win32
		{843061AC-FCBA-4475-B80B-292D92FAECFB}.Release|x64.ActiveCfg = Release|x64
		{843061AC-FCBA-4475-B80B-292D92FAECFB}.Release|x64.Build.0 = Release|x64
		{843061AC-FCBA-4475-B80B-292D92FAECFB}.Release|x86.ActiveCfg = Release|Win32
		{843061AC-FCBA-4475-B80B-292D92FAECFB}.Release|x86.Build.0 = Release|Win32
		{9397FFC4-8C36-4177-A664-85221336D143}.Debug|x64.ActiveCfg = Debug|x64
		{9397FFC4-8C36-4177-A664-85221336D143}.Debug|x64.Build.0 = Debug|x64
		{9397FFC4-8C36-4177-A664-85221336D143}.Debug|x86.ActiveCfg = Debug|Win32
		{9397FFC4-8C36-4177-A664-85221336D143}.Debug|x86.Build.0 = Debug|Win32
		{9397FFC4-8C36-4177-A664-85221336D143}.Release|x64.ActiveCfg = Release|x64
		{9397FFC4-8C36-4177-A664-85221336D143}.Release|x64.Build.0 = Release|x64
		{9397FFC4-8C36-4177-A664-85221336D143}.Release|x86.ActiveCfg = Release|Win32
		{9397FFC4-8C36-4177-A664-85221336D143}.Release|x86.Build.0 = Release|Win32
		{F0538A08-F23D-42DF-BF08-49B24A04647D}.Debug|x64.ActiveCfg = Debug|x64
		{F0538A08-F23D-42DF-BF08-49B24A04647D}.Debug|x64.Build.0 = Debug|x64
		{F0538A08-F23D-42DF-BF08-49B24A04647D}.Debug|x86.ActiveCfg = Debug|Win32
		{F0538A08-F23D-42DF-BF08-49B24A04647D}.Debug|x86.Build.0 = Debug|Win32
		{F0538A08-F23D-42DF-BF08-49B24A04647D}.Release|x64.ActiveCfg = Release|x64
		{F0538A08-F23D-42DF-BF08-49B24A04647D}.Release|x64.Build.0 = Release|x64
		{F0538A08-F23D-42DF-BF08-49B24A04647D}.Release|x86.ActiveCfg = Release|Win32
		{F0538A08-F23D-42DF-BF08-49B24A04647D}.Release|x86.Build.0 = Release|Win32
		{EE5C808A-CC60-46B1-B529-AECFE7E84D24}.Debug|x64.ActiveCfg = Debug|x64
		{EE5C808A-CC60-46B1-B529-AECFE7E84D24}.Debug|x64.Build.0 = Debug|x64
		{EE5C808A-CC60-46B1-B529-AECFE7E84D24}.Debug|x86.ActiveCfg = Debug|Win32
		{EE5C808A-CC60-46B1-B529-AECFE7E84D24}.Debug|x86.Build.0 = Debug|Win32
		{EE5C808A-CC60-46B1-B529-AECFE7E84D24}.Release|x64.ActiveCfg = Release|x64
		{EE5C808A-CC60-46B1-B529-AECFE7E84D24}.Release|x64.Build.0 = Release|x64
		{EE5C808A-CC60-46B1-B529-AECFE7E84D24}.Release|x86.ActiveCfg = Release|Win32
		{EE5C808A-CC60-46B1-B529-AECFE7E84D24}.Release|x86.Build.0 = Release|Win32
		{27811844-77A0-4573-9814-1035568A66C2}.Debug|x64.ActiveCfg = Debug|x64
		{27811844-77A0-4573-9814-1035568A66C2}.Debug|x64.Build.0 = Debug|x64
		{27811844-77A0-4573-9814-1035568A66C2}.Debug|x86.ActiveCfg = Debug|Win32
		{27811844-77A0-4573-9814-1035568A66C2}.Debug|x86.Build.0 = Debug|Win32
		{27811844-77A0-4573-9814-1035568A66C2}.Release|x64.ActiveCfg = Release|x64
		{27811844-77A0-4573-9814-1035568A66C2}.Release|x64.Build.0 = Release|x64
		{27811844-77A0-4573-9814-1035568A66C2}.Release|x86.ActiveCfg = Release|Win32
		{27811844-77A0-4573-9814-1035568A66C2}.Release|x86.Build.0 = Release|Win32
		{6C12A57A-822C-4847-9A8C-63F876D5BA3D}.Debug|x64.ActiveCfg = Debug|x64
		{6C12A57A-822C-4847-9A8C-63F876D5BA3D}.Debug|x64.Build.0 = Debug|x64
		{6C12A57A-822C-4847-9A8C-63F876D5BA3D}.Debug|x86.ActiveCfg = Debug|Win32
		{6C12A57A-822C-4847-9A8C-63F876D5BA3D}.Debug|x86.Build.0 = Debug|Win32
		{6C12A57A-822C-4847-9A8C-63F876D5BA3D}.Release|x64.ActiveCfg = Release|x64
		{6C12A57A-822C-4847-9A8C-63F876D5BA3D}.Release|x64.Build.0 = Release|x64
		{6C12A57A-822C-4847-9A8C-63F876D5BA3D}.Release|x86.ActiveCfg = Release|Win32
		{6C12A57A-822C-4847-9A8C-63F876D5BA3D}.Release|x86.Build.0 = Release|Win32
		{A82F5878-1549-4B96-B0DD-E5EA3C60DBD5}.Debug|x64.ActiveCfg = Debug|x64
		{A82F5878-1549-4B96-B0DD-E5EA3C60DBD5}.Debug|x64.Build.0 = Debug|x64
		{A82F5878-1549-4B96-B0DD-E5EA3C60DBD5}.Debug|x86.ActiveCfg = Debug|Win32
		{A82F5878-1549-4B96-B0DD-E5EA3C60DBD5}.Debug|x86.Build.0 = Debug|Win32
		{A82F5878-1549-4B96-B0DD-E5EA3C60DBD5}.Release|x64.ActiveCfg = Release|x64
		{A82F5878-1549-4B96-B0DD-E5EA3C60DBD5}.Release|x64.Build.0 = Release|x64
		{A82F5878-1549-4B96-B0DD-E5EA3C60DBD5}.Release|x86.ActiveCfg = Release|Win32
		{A82F5878-1549-4B96-B0DD-E5EA3C60DBD5}.Release|x86.Build.0 = Release|Win32
		{CAB526AD-5DB4-4EDE-8A83-2B62D115FE4B}.Debug|x64.ActiveCfg = Debug|x64
		{CAB526AD-5DB4-4EDE-8A83-2B62D115FE4B}.Debug|x64.Build.0 = Debug|x64
		{CAB526AD-5DB4-4EDE-8A83-2B62D115FE4B}.Debug|x86.ActiveCfg = Debug|Win32
		{CAB526AD-5DB4-4EDE-8A83-2B62D115FE4B}.Debug|x86.Build.0 = Debug|Win32
		{CAB526AD-5DB4-4EDE-8A83-2B62D115FE4B}.Release|x64.ActiveCfg = Release|x64
		{CAB526AD-5DB4-4EDE-8A83-2B62D115FE4B}.Release|x64.Build.0 = Release|x64
		{CAB526AD-5DB4-4EDE-8A83-2B62D115FE4B}.Release|x86.ActiveCfg = Release|Win32
		{CAB526AD-5DB4-4EDE-8A83-2B62D115FE4B}.Release|x86.Build.0 = Release|Win32
		{DAC6BF47-6CDA-40FD-96DE-E5DE6CFD0798}.Debug|x64.ActiveCfg = Debug|x64
		{DAC6BF47-6CDA-40FD-96DE-E5DE6CFD0798}.Debug|x64.Build.0 = Debug|x64
		{DAC6BF47-6CDA-40FD-96DE-E5DE6CFD0798}.Debug|x86.ActiveCfg = Debug|Win32
		{DAC6BF47-6CDA-40FD-96DE-E5DE6CFD0798}.Debug|x86.Build.0 = Debug|Win32
		{DAC6BF47-6CDA-40FD-96DE-E5DE6CFD0798}.Release|x64.ActiveCfg = Release|x64
		{DAC6BF47-6CDA-40FD-96DE-E5DE6CFD0798}.Release|x64.Build.0 = Release|x64
		{DAC6BF47-6CDA-40FD-96DE-E5DE6CFD0798}.Release|x86.ActiveCfg = Release|Win32
		{DAC6BF47-6CDA-40FD-96DE-E5DE6CFD0798}.Release|x86.Build.0 = Release|Win32
		{83299462-FA1F-46BD-917D-A0BA51D99F5F}.Debug|x64.ActiveCfg = Debug|x64
		{83299462-FA1F-46BD-917D-A0BA51D99F5F}.Debug|x64.Build.0 = Debug|x64
		{83299462-FA1F-46BD-917D-A0BA51D99F5F}.Debug|x86.ActiveCfg = Debug|Win32
		{83299462-FA1F-46BD-917D-A0BA51D99F5F}.Debug|x86.Build.0 = Debug|Win32
		{83299462-FA1F-46BD-917D-A0BA51D99F5F}.Release|x64.ActiveCfg = Release|x64
		{83299462-FA1F-46BD-917D-A0BA51D99F5F}.Release|x64.Build.0 = Release|x64
		{83299462-FA1F-46BD-917D-A0BA51D99F5F}.Release|x86.ActiveCfg = Release|Win32
		{83299462-FA1F-46BD-917D-A0BA51D99F5F}.Release|x86.Build.0 = Release|Win32
		{CD21D677-BA77-40B6-9C44-F44E685DDFEB}.Debug|x64.ActiveCfg = Debug|x64
		{CD21D677-BA77-40B6-9C44-F44E685DDFEB}.Debug|x64.Build.0 = Debug|x64
		{CD21D677-BA77-40B6-9C44-F44E685DDFEB}.Debug|x86.ActiveCfg = Debug|Win32
		{CD21D677-BA77-40B6-9C44-F44E685DDFEB}.Debug|x86.Build.0 = Debug|Win32
		{CD21D677-BA77-40B6-9C44-F44E685DDFEB}.Release|x64.ActiveCfg = Release|x64
		{CD21D677-BA77-40B6-9C44-F44E685DDFEB}.Release|x64.Build.0 = Release|x64
		{CD21D677-BA77-40B6-9C44-F44E685DDFEB}.Release|x86.ActiveCfg = Release|Win32
		{CD21D677-BA77-40B6-9C44-F44E685DDFEB}.Release|x86.Build.0 = Release|Win32
		{10953D2E-23D1-45B9-82AD-B6276C421027}.Debug|x64.ActiveCfg = Debug|x64
		{10953D2E-23D1-45B9-82AD-B6276C421027}.Debug|x64.Build.0 = Debug|x64
		{10953D2E-23D1-45B9-82AD-B6276C421027}.Debug|x86.ActiveCfg = Debug|Win32
		{10953D2E-23D1-45B9-82AD-B6276C421027}.Debug|x86.Build.0 = Debug|Win32
		{10953D2E-23D1-45B9-82AD-B6276C421027}.Release|x64.ActiveCfg = Release|x64
		{10953D2E-23D1-45B9-82AD-B6276C421027}.Release|x64.Build.0 = Release|x64
		{10953D2E-23D1-45B9-82AD-B6276C421027}.Release|x86.ActiveCfg = Release|Win32
		{10953D2E-23D1-45B9-82AD-B6276C421027}.Release|x86.Build.0 = Release|Win32
		{3C3CB51E-C726-4A9A-8839-AF9EC67C6DEE}.Debug|x64.ActiveCfg = Debug|x64
		{3C3CB51E-C726-4A9A-8839-AF9EC67C6DEE}.Debug|x64.Build.0 = Debug|x64
		{3C3CB51E-C726-4A9A-8839-AF9EC67C6DEE}.Debug|x86.ActiveCfg = Debug|Win32
		{3C3CB51E-C726-4A9A-8839-AF9EC67C6DEE}.Debug|x86.Build.0 = Debug|Win32
		{3C3CB51E-C726-4A9A-8839-AF9EC67C6DEE}.Release|x64.ActiveCfg = Release|x64
		{3C3CB51E-C726-4A9A-8839-AF9EC67C6DEE}.Release|x64.Build.0 = Release|x64
		{3C3CB51E-C726-4A9A-8839-AF9EC67C6DEE}.Release|x86.ActiveCfg = Release|Win32
		{3C3CB51E-C726-4A9A-8839-AF9EC67C6DEE}.Release|x86.Build.0 = Release|Win32
		{8D9CBD4D-E20C-49C4-A602-3E7D659DF4A8}.Debug|x64.ActiveCfg = Debug|x64
		{8D9CBD4D-E20C-49C4-A602-3E7D659DF4A8}.Debug|x64.Build.0 = Debug|x64
		{8D9CBD4D-E20C-49C4-A602-3E7D659DF4A8}.Debug|x86.ActiveCfg = Debug|Win32
		{8D9CBD4D-E20C-49C4-A602-3E7D659DF4A8}.Debug|x86.Build.0 = Debug|Win32
		{8D9CBD4D-E20C-49C4-A602-3E7D659DF4A8}.Release|x64.ActiveCfg = Release|x64
		{8D9CBD4D-E20C-49C4-A602-3E7D659DF4A8}.Release|x64.Build.0 = Release|x64
		{8D9CBD4D-E20C-49C4-A602-3E7D659DF4A8}.Release|x86.ActiveCfg = Release|Win32
		{8D9CBD4D-E20C-49C4-A602-3E7D659DF4A8}.Release|x86.Build.0 = Release|Win32
		{4BF2C659-01CF-4403-B1F5-872D081D09B1}.Debug|x64.ActiveCfg = Debug|x64
		{4BF2C659-01CF-4403-B1F5-872D081D09B1}.Debug|x64.Build.0 = Debug|x64
		{4BF2C659-01CF-4403-B1F5-872D081D09B1}.Debug|x86.ActiveCfg = Debug|Win32
		{4BF2C659-01CF-4403-B1F5-872D081D09B1}.Debug|x86.Build.0 = Debug|Win32
		{4BF2C659-01CF-4403-B1F5-872D081D09B1}.Release|x64.ActiveCfg = Release|x64
		{4BF2C659-01CF-4403-B1F5-872D081D09B1}.Release|x64.Build.0 = Release|x64
		{4BF2C659-01CF-4403-B1F5-872D081D09B1}.Release|x86.ActiveCfg = Release|Win32
		{4BF2C659-01CF-4403-B1F5-872D081D09B1}.Release|x86.Build.0 = Release|Win32
		{7195FB3F-3E07-4C93-97D5-23A69E307EF6}.Debug|x64.ActiveCfg = Debug|x64
		{7195FB3F-3E07-4C93-97D5-23A69E307EF6}.Debug|x64.Build.0 = Debug|x64
		{7195FB3F-3E07-4C93-97D5-23A69E307EF6}.Debug|x86.ActiveCfg = Debug|Win32
		{7195FB3F-3E07-4C93-97D5-23A69E307EF6}.Debug|x86.Build.0 = Debug|Win32
		{7195FB3F-3E07-4C93-97D5-23A69E307EF6}.Release|x64.ActiveCfg = Release|x64
		{7195FB3F-3E07-4C93-97D5-23A69E307EF6}.Release|x64.Build.0 = Release|x64
		{7195FB3F-3E07-4C93-97D5-23A69E307EF6}.Release|x86.ActiveCfg = Release|Win32
		{7195FB3F-3E07-4C93-97D5-23A69E307EF6}.Release|x86.Build.0 = Release|Win32
		{4F7EFBF5-4545-46EB-99BB-83F13E83CE7E}.Debug|x64.ActiveCfg = Debug|x64
		{4F7EFBF5-4545-46EB-99BB-83F13E83CE7E}.Debug|x64.Build.0 = Debug|x64
		{4F7EFBF5-4545-46EB-99BB-83F13E83CE7E}.Debug|x86.ActiveCfg = Debug|Win32
		{4F7EFBF5-4545-46EB-99BB-83F13E83CE7E}.Debug|x86.Build.0 = Debug|Win32
		{4F7EFBF5-4545-46EB-99BB-83F13E83CE7E}.Release|x64.ActiveCfg = Release|x64
		{4F7EFBF5-4545-46EB-99BB-83F13E83CE7E}.Release|x64.Build.0 = Release|x64
		{4F7EFBF5-4545-46EB-99BB-83F13E83CE7E}.Release|x86.ActiveCfg = Release|Win32
		{4F7EFBF5-4545-46EB-99BB-83F13E83CE7E}.Release|x86.Build.0 = Release|Win32
	EndGlobalSection
	GlobalSection(SolutionProperties) = preSolution
		HideSolutionNode = FALSE
	EndGlobalSection
	GlobalSection(ExtensibilityGlobals) = postSolution
		SolutionGuid = {6A3DD105-4DD4-4C2E-B830-1CCA0984387A}
	EndGlobalSection
EndGlobal
