
Microsoft Visual Studio Solution File, Format Version 12.00
# Visual Studio Version 17
VisualStudioVersion = 17.0.32014.148
MinimumVisualStudioVersion = 10.0.40219.1
Project("{8BC9CEB8-8B4A-11D0-8D11-00A0C91BC942}") = "Aluno", "..\Aluno\Aluno.vcxproj", "{F9AA20D6-CFB9-4E7C-8345-0E452036EF2B}"
EndProject
Project("{8BC9CEB8-8B4A-11D0-8D11-00A0C91BC942}") = "Atividade3", "..\Atividade3\Atividade3.vcxproj", "{0E93DF07-D12A-4858-91DB-0DFE04204290}"
EndProject
Project("{8BC9CEB8-8B4A-11D0-8D11-00A0C91BC942}") = "Circulo", "..\Circulo\Circulo.vcxproj", "{45C5C263-1F6E-4831-A47F-F5C398C1E5D1}"
EndProject
Project("{8BC9CEB8-8B4A-11D0-8D11-00A0C91BC942}") = "Data", "..\Data\Data.vcxproj", "{D624D201-AD56-4EBE-A59F-DAA07999BD85}"
EndProject
Project("{8BC9CEB8-8B4A-11D0-8D11-00A0C91BC942}") = "GradeBook", "..\GradeBook\GradeBook.vcxproj", "{1C566E6C-1A09-4DD8-9566-B11BE52CE6D9}"
EndProject
Project("{8BC9CEB8-8B4A-11D0-8D11-00A0C91BC942}") = "MatAltComposta", "..\MatAltCompostade2Vets\MatAltCompostade2Vets.vcxproj", "{0684396E-9314-4C78-B5FB-C1E2F98C2D14}"
EndProject
Project("{8BC9CEB8-8B4A-11D0-8D11-00A0C91BC942}") = "MatrizAmpulheita", "..\MatAmpulheita\MatAmpulheita.vcxproj", "{D6E2636B-2E6C-4C34-B870-DCD185F70A66}"
EndProject
Project("{8BC9CEB8-8B4A-11D0-8D11-00A0C91BC942}") = "MatAmpulheta", "..\MatAmpulheta\MatAmpulheta.vcxproj", "{3D158BDD-7D04-44E7-9161-3AD7645107B1}"
EndProject
Project("{8BC9CEB8-8B4A-11D0-8D11-00A0C91BC942}") = "MatrizAlternada", "..\MatrizAlternada\MatrizAlternada.vcxproj", "{0FD5962C-2220-468F-BFEE-B90DF3030134}"
EndProject
Project("{8BC9CEB8-8B4A-11D0-8D11-00A0C91BC942}") = "MatrizAntiSimetrica", "..\MatrizAntiSimetrica\MatrizAntiSimetrica.vcxproj", "{BD18C63E-7FE6-4D6A-90FE-1AE1A64D90D9}"
EndProject
Project("{8BC9CEB8-8B4A-11D0-8D11-00A0C91BC942}") = "MatrizDiagonal", "..\MatrizDiagonal\MatrizDiagonal.vcxproj", "{4BC8094F-889D-472A-9A77-36F1B231E68B}"
EndProject
Project("{8BC9CEB8-8B4A-11D0-8D11-00A0C91BC942}") = "MatrizEspecialA4", "..\MatrizEspecialA4\MatrizEspecialA4.vcxproj", "{49BBBBF8-55C9-4F0D-9E5A-6C9572E70DE9}"
EndProject
Project("{8BC9CEB8-8B4A-11D0-8D11-00A0C91BC942}") = "MatrizLinha", "..\MatrizLin\MatrizLin.vcxproj", "{BF60CAD3-E933-4B9F-8562-0DE1E6E50595}"
EndProject
Project("{8BC9CEB8-8B4A-11D0-8D11-00A0C91BC942}") = "MatrizLinhaCompleto", "..\MatrizLinhaCompleto\MatrizLinhaCompleto.vcxproj", "{BFEB7D0C-B01A-476F-B398-EF68AFF9C3E1}"
EndProject
Project("{8BC9CEB8-8B4A-11D0-8D11-00A0C91BC942}") = "Poligono", "..\Poligono\Poligono.vcxproj", "{F3BD5717-CF7E-4143-BEF1-D703427ADB3F}"
EndProject
Project("{8BC9CEB8-8B4A-11D0-8D11-00A0C91BC942}") = "Polinomio", "..\Polinomio\Polinomio.vcxproj", "{8564E488-EFC9-49EF-A220-1D235EA9833A}"
EndProject
Project("{8BC9CEB8-8B4A-11D0-8D11-00A0C91BC942}") = "Ponto", "..\Ponto\Ponto.vcxproj", "{330A3603-6261-4811-A670-4EE33837F005}"
EndProject
Project("{8BC9CEB8-8B4A-11D0-8D11-00A0C91BC942}") = "Ponto2D", "..\Ponto2D\Ponto2D.vcxproj", "{98272D7A-946C-45CC-A6AE-C13A66A23F01}"
EndProject
Project("{8BC9CEB8-8B4A-11D0-8D11-00A0C91BC942}") = "Q2matriz", "..\Q2matriz\Q2matriz.vcxproj", "{66CB2B1F-D140-4E9A-A9C4-1BB8574C94FF}"
EndProject
Project("{8BC9CEB8-8B4A-11D0-8D11-00A0C91BC942}") = "Questao1TAD", "..\Questao1TAD\Questao1TAD.vcxproj", "{8AEC1E7F-21E6-4575-829B-204F84B33A5F}"
EndProject
Project("{8BC9CEB8-8B4A-11D0-8D11-00A0C91BC942}") = "Relogio", "..\Relogio\Relogio.vcxproj", "{358DFA11-CE1E-4D41-B8D0-51E6CE6E8279}"
EndProject
Project("{8BC9CEB8-8B4A-11D0-8D11-00A0C91BC942}") = "TadLatLong", "..\TadLatLong\TadLatLong.vcxproj", "{117188E4-472A-4222-A0A1-550C96D9358A}"
EndProject
Project("{8BC9CEB8-8B4A-11D0-8D11-00A0C91BC942}") = "TAD-Matriz", "TAD-Matriz\TAD-Matriz.vcxproj", "{23B18C85-8ADB-41C6-8B42-72DD04DE1492}"
EndProject
Project("{8BC9CEB8-8B4A-11D0-8D11-00A0C91BC942}") = "TesteME", "..\TesteME\TesteME.vcxproj", "{3C7E6B3D-6A76-48BA-A9F2-C81DE73FDC51}"
EndProject
Project("{8BC9CEB8-8B4A-11D0-8D11-00A0C91BC942}") = "Venda", "..\Venda\Venda.vcxproj", "{A5F4C166-81BE-4995-8E31-EC6A1CFEE449}"
EndProject
Project("{8BC9CEB8-8B4A-11D0-8D11-00A0C91BC942}") = "Vetor", "..\Vetor\Vetor.vcxproj", "{E1BF6667-9851-4FF0-870C-A49F0575C55D}"
EndProject
Project("{8BC9CEB8-8B4A-11D0-8D11-00A0C91BC942}") = "VetorFlexivel", "..\VetorFlexivel\VetorFlexivel.vcxproj", "{DBDDEF51-0485-4969-9E9E-5A009CE41DA6}"
EndProject
Global
	GlobalSection(SolutionConfigurationPlatforms) = preSolution
		Debug|x64 = Debug|x64
		Debug|x86 = Debug|x86
		Release|x64 = Release|x64
		Release|x86 = Release|x86
	EndGlobalSection
	GlobalSection(ProjectConfigurationPlatforms) = postSolution
		{F9AA20D6-CFB9-4E7C-8345-0E452036EF2B}.Debug|x64.ActiveCfg = Debug|x64
		{F9AA20D6-CFB9-4E7C-8345-0E452036EF2B}.Debug|x64.Build.0 = Debug|x64
		{F9AA20D6-CFB9-4E7C-8345-0E452036EF2B}.Debug|x86.ActiveCfg = Debug|Win32
		{F9AA20D6-CFB9-4E7C-8345-0E452036EF2B}.Debug|x86.Build.0 = Debug|Win32
		{F9AA20D6-CFB9-4E7C-8345-0E452036EF2B}.Release|x64.ActiveCfg = Release|x64
		{F9AA20D6-CFB9-4E7C-8345-0E452036EF2B}.Release|x64.Build.0 = Release|x64
		{F9AA20D6-CFB9-4E7C-8345-0E452036EF2B}.Release|x86.ActiveCfg = Release|Win32
		{F9AA20D6-CFB9-4E7C-8345-0E452036EF2B}.Release|x86.Build.0 = Release|Win32
		{0E93DF07-D12A-4858-91DB-0DFE04204290}.Debug|x64.ActiveCfg = Debug|x64
		{0E93DF07-D12A-4858-91DB-0DFE04204290}.Debug|x64.Build.0 = Debug|x64
		{0E93DF07-D12A-4858-91DB-0DFE04204290}.Debug|x86.ActiveCfg = Debug|Win32
		{0E93DF07-D12A-4858-91DB-0DFE04204290}.Debug|x86.Build.0 = Debug|Win32
		{0E93DF07-D12A-4858-91DB-0DFE04204290}.Release|x64.ActiveCfg = Release|x64
		{0E93DF07-D12A-4858-91DB-0DFE04204290}.Release|x64.Build.0 = Release|x64
		{0E93DF07-D12A-4858-91DB-0DFE04204290}.Release|x86.ActiveCfg = Release|Win32
		{0E93DF07-D12A-4858-91DB-0DFE04204290}.Release|x86.Build.0 = Release|Win32
		{45C5C263-1F6E-4831-A47F-F5C398C1E5D1}.Debug|x64.ActiveCfg = Debug|x64
		{45C5C263-1F6E-4831-A47F-F5C398C1E5D1}.Debug|x64.Build.0 = Debug|x64
		{45C5C263-1F6E-4831-A47F-F5C398C1E5D1}.Debug|x86.ActiveCfg = Debug|Win32
		{45C5C263-1F6E-4831-A47F-F5C398C1E5D1}.Debug|x86.Build.0 = Debug|Win32
		{45C5C263-1F6E-4831-A47F-F5C398C1E5D1}.Release|x64.ActiveCfg = Release|x64
		{45C5C263-1F6E-4831-A47F-F5C398C1E5D1}.Release|x64.Build.0 = Release|x64
		{45C5C263-1F6E-4831-A47F-F5C398C1E5D1}.Release|x86.ActiveCfg = Release|Win32
		{45C5C263-1F6E-4831-A47F-F5C398C1E5D1}.Release|x86.Build.0 = Release|Win32
		{D624D201-AD56-4EBE-A59F-DAA07999BD85}.Debug|x64.ActiveCfg = Debug|x64
		{D624D201-AD56-4EBE-A59F-DAA07999BD85}.Debug|x64.Build.0 = Debug|x64
		{D624D201-AD56-4EBE-A59F-DAA07999BD85}.Debug|x86.ActiveCfg = Debug|Win32
		{D624D201-AD56-4EBE-A59F-DAA07999BD85}.Debug|x86.Build.0 = Debug|Win32
		{D624D201-AD56-4EBE-A59F-DAA07999BD85}.Release|x64.ActiveCfg = Release|x64
		{D624D201-AD56-4EBE-A59F-DAA07999BD85}.Release|x64.Build.0 = Release|x64
		{D624D201-AD56-4EBE-A59F-DAA07999BD85}.Release|x86.ActiveCfg = Release|Win32
		{D624D201-AD56-4EBE-A59F-DAA07999BD85}.Release|x86.Build.0 = Release|Win32
		{1C566E6C-1A09-4DD8-9566-B11BE52CE6D9}.Debug|x64.ActiveCfg = Debug|x64
		{1C566E6C-1A09-4DD8-9566-B11BE52CE6D9}.Debug|x64.Build.0 = Debug|x64
		{1C566E6C-1A09-4DD8-9566-B11BE52CE6D9}.Debug|x86.ActiveCfg = Debug|Win32
		{1C566E6C-1A09-4DD8-9566-B11BE52CE6D9}.Debug|x86.Build.0 = Debug|Win32
		{1C566E6C-1A09-4DD8-9566-B11BE52CE6D9}.Release|x64.ActiveCfg = Release|x64
		{1C566E6C-1A09-4DD8-9566-B11BE52CE6D9}.Release|x64.Build.0 = Release|x64
		{1C566E6C-1A09-4DD8-9566-B11BE52CE6D9}.Release|x86.ActiveCfg = Release|Win32
		{1C566E6C-1A09-4DD8-9566-B11BE52CE6D9}.Release|x86.Build.0 = Release|Win32
		{0684396E-9314-4C78-B5FB-C1E2F98C2D14}.Debug|x64.ActiveCfg = Debug|x64
		{0684396E-9314-4C78-B5FB-C1E2F98C2D14}.Debug|x64.Build.0 = Debug|x64
		{0684396E-9314-4C78-B5FB-C1E2F98C2D14}.Debug|x86.ActiveCfg = Debug|Win32
		{0684396E-9314-4C78-B5FB-C1E2F98C2D14}.Debug|x86.Build.0 = Debug|Win32
		{0684396E-9314-4C78-B5FB-C1E2F98C2D14}.Release|x64.ActiveCfg = Release|x64
		{0684396E-9314-4C78-B5FB-C1E2F98C2D14}.Release|x64.Build.0 = Release|x64
		{0684396E-9314-4C78-B5FB-C1E2F98C2D14}.Release|x86.ActiveCfg = Release|Win32
		{0684396E-9314-4C78-B5FB-C1E2F98C2D14}.Release|x86.Build.0 = Release|Win32
		{D6E2636B-2E6C-4C34-B870-DCD185F70A66}.Debug|x64.ActiveCfg = Debug|x64
		{D6E2636B-2E6C-4C34-B870-DCD185F70A66}.Debug|x64.Build.0 = Debug|x64
		{D6E2636B-2E6C-4C34-B870-DCD185F70A66}.Debug|x86.ActiveCfg = Debug|Win32
		{D6E2636B-2E6C-4C34-B870-DCD185F70A66}.Debug|x86.Build.0 = Debug|Win32
		{D6E2636B-2E6C-4C34-B870-DCD185F70A66}.Release|x64.ActiveCfg = Release|x64
		{D6E2636B-2E6C-4C34-B870-DCD185F70A66}.Release|x64.Build.0 = Release|x64
		{D6E2636B-2E6C-4C34-B870-DCD185F70A66}.Release|x86.ActiveCfg = Release|Win32
		{D6E2636B-2E6C-4C34-B870-DCD185F70A66}.Release|x86.Build.0 = Release|Win32
		{3D158BDD-7D04-44E7-9161-3AD7645107B1}.Debug|x64.ActiveCfg = Debug|x64
		{3D158BDD-7D04-44E7-9161-3AD7645107B1}.Debug|x64.Build.0 = Debug|x64
		{3D158BDD-7D04-44E7-9161-3AD7645107B1}.Debug|x86.ActiveCfg = Debug|Win32
		{3D158BDD-7D04-44E7-9161-3AD7645107B1}.Debug|x86.Build.0 = Debug|Win32
		{3D158BDD-7D04-44E7-9161-3AD7645107B1}.Release|x64.ActiveCfg = Release|x64
		{3D158BDD-7D04-44E7-9161-3AD7645107B1}.Release|x64.Build.0 = Release|x64
		{3D158BDD-7D04-44E7-9161-3AD7645107B1}.Release|x86.ActiveCfg = Release|Win32
		{3D158BDD-7D04-44E7-9161-3AD7645107B1}.Release|x86.Build.0 = Release|Win32
		{0FD5962C-2220-468F-BFEE-B90DF3030134}.Debug|x64.ActiveCfg = Debug|x64
		{0FD5962C-2220-468F-BFEE-B90DF3030134}.Debug|x64.Build.0 = Debug|x64
		{0FD5962C-2220-468F-BFEE-B90DF3030134}.Debug|x86.ActiveCfg = Debug|Win32
		{0FD5962C-2220-468F-BFEE-B90DF3030134}.Debug|x86.Build.0 = Debug|Win32
		{0FD5962C-2220-468F-BFEE-B90DF3030134}.Release|x64.ActiveCfg = Release|x64
		{0FD5962C-2220-468F-BFEE-B90DF3030134}.Release|x64.Build.0 = Release|x64
		{0FD5962C-2220-468F-BFEE-B90DF3030134}.Release|x86.ActiveCfg = Release|Win32
		{0FD5962C-2220-468F-BFEE-B90DF3030134}.Release|x86.Build.0 = Release|Win32
		{BD18C63E-7FE6-4D6A-90FE-1AE1A64D90D9}.Debug|x64.ActiveCfg = Debug|x64
		{BD18C63E-7FE6-4D6A-90FE-1AE1A64D90D9}.Debug|x64.Build.0 = Debug|x64
		{BD18C63E-7FE6-4D6A-90FE-1AE1A64D90D9}.Debug|x86.ActiveCfg = Debug|Win32
		{BD18C63E-7FE6-4D6A-90FE-1AE1A64D90D9}.Debug|x86.Build.0 = Debug|Win32
		{BD18C63E-7FE6-4D6A-90FE-1AE1A64D90D9}.Release|x64.ActiveCfg = Release|x64
		{BD18C63E-7FE6-4D6A-90FE-1AE1A64D90D9}.Release|x64.Build.0 = Release|x64
		{BD18C63E-7FE6-4D6A-90FE-1AE1A64D90D9}.Release|x86.ActiveCfg = Release|Win32
		{BD18C63E-7FE6-4D6A-90FE-1AE1A64D90D9}.Release|x86.Build.0 = Release|Win32
		{4BC8094F-889D-472A-9A77-36F1B231E68B}.Debug|x64.ActiveCfg = Debug|x64
		{4BC8094F-889D-472A-9A77-36F1B231E68B}.Debug|x64.Build.0 = Debug|x64
		{4BC8094F-889D-472A-9A77-36F1B231E68B}.Debug|x86.ActiveCfg = Debug|Win32
		{4BC8094F-889D-472A-9A77-36F1B231E68B}.Debug|x86.Build.0 = Debug|Win32
		{4BC8094F-889D-472A-9A77-36F1B231E68B}.Release|x64.ActiveCfg = Release|x64
		{4BC8094F-889D-472A-9A77-36F1B231E68B}.Release|x64.Build.0 = Release|x64
		{4BC8094F-889D-472A-9A77-36F1B231E68B}.Release|x86.ActiveCfg = Release|Win32
		{4BC8094F-889D-472A-9A77-36F1B231E68B}.Release|x86.Build.0 = Release|Win32
		{49BBBBF8-55C9-4F0D-9E5A-6C9572E70DE9}.Debug|x64.ActiveCfg = Debug|x64
		{49BBBBF8-55C9-4F0D-9E5A-6C9572E70DE9}.Debug|x64.Build.0 = Debug|x64
		{49BBBBF8-55C9-4F0D-9E5A-6C9572E70DE9}.Debug|x86.ActiveCfg = Debug|Win32
		{49BBBBF8-55C9-4F0D-9E5A-6C9572E70DE9}.Debug|x86.Build.0 = Debug|Win32
		{49BBBBF8-55C9-4F0D-9E5A-6C9572E70DE9}.Release|x64.ActiveCfg = Release|x64
		{49BBBBF8-55C9-4F0D-9E5A-6C9572E70DE9}.Release|x64.Build.0 = Release|x64
		{49BBBBF8-55C9-4F0D-9E5A-6C9572E70DE9}.Release|x86.ActiveCfg = Release|Win32
		{49BBBBF8-55C9-4F0D-9E5A-6C9572E70DE9}.Release|x86.Build.0 = Release|Win32
		{BF60CAD3-E933-4B9F-8562-0DE1E6E50595}.Debug|x64.ActiveCfg = Debug|x64
		{BF60CAD3-E933-4B9F-8562-0DE1E6E50595}.Debug|x64.Build.0 = Debug|x64
		{BF60CAD3-E933-4B9F-8562-0DE1E6E50595}.Debug|x86.ActiveCfg = Debug|Win32
		{BF60CAD3-E933-4B9F-8562-0DE1E6E50595}.Debug|x86.Build.0 = Debug|Win32
		{BF60CAD3-E933-4B9F-8562-0DE1E6E50595}.Release|x64.ActiveCfg = Release|x64
		{BF60CAD3-E933-4B9F-8562-0DE1E6E50595}.Release|x64.Build.0 = Release|x64
		{BF60CAD3-E933-4B9F-8562-0DE1E6E50595}.Release|x86.ActiveCfg = Release|Win32
		{BF60CAD3-E933-4B9F-8562-0DE1E6E50595}.Release|x86.Build.0 = Release|Win32
		{BFEB7D0C-B01A-476F-B398-EF68AFF9C3E1}.Debug|x64.ActiveCfg = Debug|x64
		{BFEB7D0C-B01A-476F-B398-EF68AFF9C3E1}.Debug|x64.Build.0 = Debug|x64
		{BFEB7D0C-B01A-476F-B398-EF68AFF9C3E1}.Debug|x86.ActiveCfg = Debug|Win32
		{BFEB7D0C-B01A-476F-B398-EF68AFF9C3E1}.Debug|x86.Build.0 = Debug|Win32
		{BFEB7D0C-B01A-476F-B398-EF68AFF9C3E1}.Release|x64.ActiveCfg = Release|x64
		{BFEB7D0C-B01A-476F-B398-EF68AFF9C3E1}.Release|x64.Build.0 = Release|x64
		{BFEB7D0C-B01A-476F-B398-EF68AFF9C3E1}.Release|x86.ActiveCfg = Release|Win32
		{BFEB7D0C-B01A-476F-B398-EF68AFF9C3E1}.Release|x86.Build.0 = Release|Win32
		{F3BD5717-CF7E-4143-BEF1-D703427ADB3F}.Debug|x64.ActiveCfg = Debug|x64
		{F3BD5717-CF7E-4143-BEF1-D703427ADB3F}.Debug|x64.Build.0 = Debug|x64
		{F3BD5717-CF7E-4143-BEF1-D703427ADB3F}.Debug|x86.ActiveCfg = Debug|Win32
		{F3BD5717-CF7E-4143-BEF1-D703427ADB3F}.Debug|x86.Build.0 = Debug|Win32
		{F3BD5717-CF7E-4143-BEF1-D703427ADB3F}.Release|x64.ActiveCfg = Release|x64
		{F3BD5717-CF7E-4143-BEF1-D703427ADB3F}.Release|x64.Build.0 = Release|x64
		{F3BD5717-CF7E-4143-BEF1-D703427ADB3F}.Release|x86.ActiveCfg = Release|Win32
		{F3BD5717-CF7E-4143-BEF1-D703427ADB3F}.Release|x86.Build.0 = Release|Win32
		{8564E488-EFC9-49EF-A220-1D235EA9833A}.Debug|x64.ActiveCfg = Debug|x64
		{8564E488-EFC9-49EF-A220-1D235EA9833A}.Debug|x64.Build.0 = Debug|x64
		{8564E488-EFC9-49EF-A220-1D235EA9833A}.Debug|x86.ActiveCfg = Debug|Win32
		{8564E488-EFC9-49EF-A220-1D235EA9833A}.Debug|x86.Build.0 = Debug|Win32
		{8564E488-EFC9-49EF-A220-1D235EA9833A}.Release|x64.ActiveCfg = Release|x64
		{8564E488-EFC9-49EF-A220-1D235EA9833A}.Release|x64.Build.0 = Release|x64
		{8564E488-EFC9-49EF-A220-1D235EA9833A}.Release|x86.ActiveCfg = Release|Win32
		{8564E488-EFC9-49EF-A220-1D235EA9833A}.Release|x86.Build.0 = Release|Win32
		{330A3603-6261-4811-A670-4EE33837F005}.Debug|x64.ActiveCfg = Debug|x64
		{330A3603-6261-4811-A670-4EE33837F005}.Debug|x64.Build.0 = Debug|x64
		{330A3603-6261-4811-A670-4EE33837F005}.Debug|x86.ActiveCfg = Debug|Win32
		{330A3603-6261-4811-A670-4EE33837F005}.Debug|x86.Build.0 = Debug|Win32
		{330A3603-6261-4811-A670-4EE33837F005}.Release|x64.ActiveCfg = Release|x64
		{330A3603-6261-4811-A670-4EE33837F005}.Release|x64.Build.0 = Release|x64
		{330A3603-6261-4811-A670-4EE33837F005}.Release|x86.ActiveCfg = Release|Win32
		{330A3603-6261-4811-A670-4EE33837F005}.Release|x86.Build.0 = Release|Win32
		{98272D7A-946C-45CC-A6AE-C13A66A23F01}.Debug|x64.ActiveCfg = Debug|x64
		{98272D7A-946C-45CC-A6AE-C13A66A23F01}.Debug|x64.Build.0 = Debug|x64
		{98272D7A-946C-45CC-A6AE-C13A66A23F01}.Debug|x86.ActiveCfg = Debug|Win32
		{98272D7A-946C-45CC-A6AE-C13A66A23F01}.Debug|x86.Build.0 = Debug|Win32
		{98272D7A-946C-45CC-A6AE-C13A66A23F01}.Release|x64.ActiveCfg = Release|x64
		{98272D7A-946C-45CC-A6AE-C13A66A23F01}.Release|x64.Build.0 = Release|x64
		{98272D7A-946C-45CC-A6AE-C13A66A23F01}.Release|x86.ActiveCfg = Release|Win32
		{98272D7A-946C-45CC-A6AE-C13A66A23F01}.Release|x86.Build.0 = Release|Win32
		{66CB2B1F-D140-4E9A-A9C4-1BB8574C94FF}.Debug|x64.ActiveCfg = Debug|x64
		{66CB2B1F-D140-4E9A-A9C4-1BB8574C94FF}.Debug|x64.Build.0 = Debug|x64
		{66CB2B1F-D140-4E9A-A9C4-1BB8574C94FF}.Debug|x86.ActiveCfg = Debug|Win32
		{66CB2B1F-D140-4E9A-A9C4-1BB8574C94FF}.Debug|x86.Build.0 = Debug|Win32
		{66CB2B1F-D140-4E9A-A9C4-1BB8574C94FF}.Release|x64.ActiveCfg = Release|x64
		{66CB2B1F-D140-4E9A-A9C4-1BB8574C94FF}.Release|x64.Build.0 = Release|x64
		{66CB2B1F-D140-4E9A-A9C4-1BB8574C94FF}.Release|x86.ActiveCfg = Release|Win32
		{66CB2B1F-D140-4E9A-A9C4-1BB8574C94FF}.Release|x86.Build.0 = Release|Win32
		{8AEC1E7F-21E6-4575-829B-204F84B33A5F}.Debug|x64.ActiveCfg = Debug|x64
		{8AEC1E7F-21E6-4575-829B-204F84B33A5F}.Debug|x64.Build.0 = Debug|x64
		{8AEC1E7F-21E6-4575-829B-204F84B33A5F}.Debug|x86.ActiveCfg = Debug|Win32
		{8AEC1E7F-21E6-4575-829B-204F84B33A5F}.Debug|x86.Build.0 = Debug|Win32
		{8AEC1E7F-21E6-4575-829B-204F84B33A5F}.Release|x64.ActiveCfg = Release|x64
		{8AEC1E7F-21E6-4575-829B-204F84B33A5F}.Release|x64.Build.0 = Release|x64
		{8AEC1E7F-21E6-4575-829B-204F84B33A5F}.Release|x86.ActiveCfg = Release|Win32
		{8AEC1E7F-21E6-4575-829B-204F84B33A5F}.Release|x86.Build.0 = Release|Win32
		{358DFA11-CE1E-4D41-B8D0-51E6CE6E8279}.Debug|x64.ActiveCfg = Debug|x64
		{358DFA11-CE1E-4D41-B8D0-51E6CE6E8279}.Debug|x64.Build.0 = Debug|x64
		{358DFA11-CE1E-4D41-B8D0-51E6CE6E8279}.Debug|x86.ActiveCfg = Debug|Win32
		{358DFA11-CE1E-4D41-B8D0-51E6CE6E8279}.Debug|x86.Build.0 = Debug|Win32
		{358DFA11-CE1E-4D41-B8D0-51E6CE6E8279}.Release|x64.ActiveCfg = Release|x64
		{358DFA11-CE1E-4D41-B8D0-51E6CE6E8279}.Release|x64.Build.0 = Release|x64
		{358DFA11-CE1E-4D41-B8D0-51E6CE6E8279}.Release|x86.ActiveCfg = Release|Win32
		{358DFA11-CE1E-4D41-B8D0-51E6CE6E8279}.Release|x86.Build.0 = Release|Win32
		{117188E4-472A-4222-A0A1-550C96D9358A}.Debug|x64.ActiveCfg = Debug|x64
		{117188E4-472A-4222-A0A1-550C96D9358A}.Debug|x64.Build.0 = Debug|x64
		{117188E4-472A-4222-A0A1-550C96D9358A}.Debug|x86.ActiveCfg = Debug|Win32
		{117188E4-472A-4222-A0A1-550C96D9358A}.Debug|x86.Build.0 = Debug|Win32
		{117188E4-472A-4222-A0A1-550C96D9358A}.Release|x64.ActiveCfg = Release|x64
		{117188E4-472A-4222-A0A1-550C96D9358A}.Release|x64.Build.0 = Release|x64
		{117188E4-472A-4222-A0A1-550C96D9358A}.Release|x86.ActiveCfg = Release|Win32
		{117188E4-472A-4222-A0A1-550C96D9358A}.Release|x86.Build.0 = Release|Win32
		{23B18C85-8ADB-41C6-8B42-72DD04DE1492}.Debug|x64.ActiveCfg = Debug|x64
		{23B18C85-8ADB-41C6-8B42-72DD04DE1492}.Debug|x64.Build.0 = Debug|x64
		{23B18C85-8ADB-41C6-8B42-72DD04DE1492}.Debug|x86.ActiveCfg = Debug|Win32
		{23B18C85-8ADB-41C6-8B42-72DD04DE1492}.Debug|x86.Build.0 = Debug|Win32
		{23B18C85-8ADB-41C6-8B42-72DD04DE1492}.Release|x64.ActiveCfg = Release|x64
		{23B18C85-8ADB-41C6-8B42-72DD04DE1492}.Release|x64.Build.0 = Release|x64
		{23B18C85-8ADB-41C6-8B42-72DD04DE1492}.Release|x86.ActiveCfg = Release|Win32
		{23B18C85-8ADB-41C6-8B42-72DD04DE1492}.Release|x86.Build.0 = Release|Win32
		{3C7E6B3D-6A76-48BA-A9F2-C81DE73FDC51}.Debug|x64.ActiveCfg = Debug|x64
		{3C7E6B3D-6A76-48BA-A9F2-C81DE73FDC51}.Debug|x64.Build.0 = Debug|x64
		{3C7E6B3D-6A76-48BA-A9F2-C81DE73FDC51}.Debug|x86.ActiveCfg = Debug|Win32
		{3C7E6B3D-6A76-48BA-A9F2-C81DE73FDC51}.Debug|x86.Build.0 = Debug|Win32
		{3C7E6B3D-6A76-48BA-A9F2-C81DE73FDC51}.Release|x64.ActiveCfg = Release|x64
		{3C7E6B3D-6A76-48BA-A9F2-C81DE73FDC51}.Release|x64.Build.0 = Release|x64
		{3C7E6B3D-6A76-48BA-A9F2-C81DE73FDC51}.Release|x86.ActiveCfg = Release|Win32
		{3C7E6B3D-6A76-48BA-A9F2-C81DE73FDC51}.Release|x86.Build.0 = Release|Win32
		{A5F4C166-81BE-4995-8E31-EC6A1CFEE449}.Debug|x64.ActiveCfg = Debug|x64
		{A5F4C166-81BE-4995-8E31-EC6A1CFEE449}.Debug|x64.Build.0 = Debug|x64
		{A5F4C166-81BE-4995-8E31-EC6A1CFEE449}.Debug|x86.ActiveCfg = Debug|Win32
		{A5F4C166-81BE-4995-8E31-EC6A1CFEE449}.Debug|x86.Build.0 = Debug|Win32
		{A5F4C166-81BE-4995-8E31-EC6A1CFEE449}.Release|x64.ActiveCfg = Release|x64
		{A5F4C166-81BE-4995-8E31-EC6A1CFEE449}.Release|x64.Build.0 = Release|x64
		{A5F4C166-81BE-4995-8E31-EC6A1CFEE449}.Release|x86.ActiveCfg = Release|Win32
		{A5F4C166-81BE-4995-8E31-EC6A1CFEE449}.Release|x86.Build.0 = Release|Win32
		{E1BF6667-9851-4FF0-870C-A49F0575C55D}.Debug|x64.ActiveCfg = Debug|x64
		{E1BF6667-9851-4FF0-870C-A49F0575C55D}.Debug|x64.Build.0 = Debug|x64
		{E1BF6667-9851-4FF0-870C-A49F0575C55D}.Debug|x86.ActiveCfg = Debug|Win32
		{E1BF6667-9851-4FF0-870C-A49F0575C55D}.Debug|x86.Build.0 = Debug|Win32
		{E1BF6667-9851-4FF0-870C-A49F0575C55D}.Release|x64.ActiveCfg = Release|x64
		{E1BF6667-9851-4FF0-870C-A49F0575C55D}.Release|x64.Build.0 = Release|x64
		{E1BF6667-9851-4FF0-870C-A49F0575C55D}.Release|x86.ActiveCfg = Release|Win32
		{E1BF6667-9851-4FF0-870C-A49F0575C55D}.Release|x86.Build.0 = Release|Win32
		{DBDDEF51-0485-4969-9E9E-5A009CE41DA6}.Debug|x64.ActiveCfg = Debug|x64
		{DBDDEF51-0485-4969-9E9E-5A009CE41DA6}.Debug|x64.Build.0 = Debug|x64
		{DBDDEF51-0485-4969-9E9E-5A009CE41DA6}.Debug|x86.ActiveCfg = Debug|Win32
		{DBDDEF51-0485-4969-9E9E-5A009CE41DA6}.Debug|x86.Build.0 = Debug|Win32
		{DBDDEF51-0485-4969-9E9E-5A009CE41DA6}.Release|x64.ActiveCfg = Release|x64
		{DBDDEF51-0485-4969-9E9E-5A009CE41DA6}.Release|x64.Build.0 = Release|x64
		{DBDDEF51-0485-4969-9E9E-5A009CE41DA6}.Release|x86.ActiveCfg = Release|Win32
		{DBDDEF51-0485-4969-9E9E-5A009CE41DA6}.Release|x86.Build.0 = Release|Win32
	EndGlobalSection
	GlobalSection(SolutionProperties) = preSolution
		HideSolutionNode = FALSE
	EndGlobalSection
	GlobalSection(ExtensibilityGlobals) = postSolution
		SolutionGuid = {448B2F1F-6B50-4693-A3D1-1D80EDB1DCA6}
	EndGlobalSection
EndGlobal
